{
  "name": "wired-elements",
  "version": "0.5.2",
  "lockfileVersion": 1,
  "requires": true,
  "dependencies": {
    "@material/mwc-base": {
      "version": "0.1.0",
      "resolved": "https://registry.npmjs.org/@material/mwc-base/-/mwc-base-0.1.0.tgz",
      "integrity": "sha512-7+NhAXJY7en2ND2IvDfAgBZ6LKeKMqwHPF+29yqXCk+BPF2LLdKuEeR7PPngRvZKVn8vTj7l55e7UMzSIOgcXg==",
      "requires": {
        "@polymer/lit-element": "0.4.0"
      },
      "dependencies": {
        "@polymer/lit-element": {
          "version": "0.4.0",
          "resolved": "https://registry.npmjs.org/@polymer/lit-element/-/lit-element-0.4.0.tgz",
          "integrity": "sha512-fDnr66sBW2FtNAueCfk6YCw6D63ai8p3mutVCD/phrlWlbI34wliAAZWC7/5PfZYNUaGaEg65jEVyf/UeNE4Gg==",
          "requires": {
            "@polymer/polymer": "3.0.2",
            "lit-html": "0.9.0"
          }
        },
        "lit-html": {
          "version": "0.9.0",
          "resolved": "https://registry.npmjs.org/lit-html/-/lit-html-0.9.0.tgz",
          "integrity": "sha512-j0W8WNcf/VRsC+vxeZwgh4KfztQ2gqLF5a80G85qdffnKQ0yTC2IQpU3FRmFjRdRTezvszb1rGMm7jScMc2Mog=="
        }
      }
    },
    "@material/mwc-icon": {
      "version": "0.1.1",
      "resolved": "https://registry.npmjs.org/@material/mwc-icon/-/mwc-icon-0.1.1.tgz",
      "integrity": "sha512-oyBvqUpXQ5j+SeUiYs/s5frNRhinLAmPDSCEYZ3TUzA6Y/jQPPYBFyV8pKL+reC7qA7hFNwO5oqSDNiGLO8+bw==",
      "requires": {
        "@material/mwc-base": "0.1.0",
        "@polymer/lit-element": "0.4.0"
      },
      "dependencies": {
        "@polymer/lit-element": {
          "version": "0.4.0",
          "resolved": "https://registry.npmjs.org/@polymer/lit-element/-/lit-element-0.4.0.tgz",
          "integrity": "sha512-fDnr66sBW2FtNAueCfk6YCw6D63ai8p3mutVCD/phrlWlbI34wliAAZWC7/5PfZYNUaGaEg65jEVyf/UeNE4Gg==",
          "requires": {
            "@polymer/polymer": "3.0.2",
            "lit-html": "0.9.0"
          }
        },
        "lit-html": {
          "version": "0.9.0",
          "resolved": "https://registry.npmjs.org/lit-html/-/lit-html-0.9.0.tgz",
          "integrity": "sha512-j0W8WNcf/VRsC+vxeZwgh4KfztQ2gqLF5a80G85qdffnKQ0yTC2IQpU3FRmFjRdRTezvszb1rGMm7jScMc2Mog=="
        }
      }
    },
    "@polymer/lit-element": {
      "version": "0.5.1",
      "resolved": "https://registry.npmjs.org/@polymer/lit-element/-/lit-element-0.5.1.tgz",
      "integrity": "sha512-e0w6ljufDzXXm9RcLaR/pMSSRw6l1Kc2m5PddHJ+Iq2AXUI2pdnKHwbkam78ZnGoqjnWW10C4zadAz1fp6EJOw==",
      "requires": {
        "@polymer/polymer": "3.0.2",
        "lit-html": "0.10.0"
      }
    },
    "@polymer/polymer": {
      "version": "3.0.2",
      "resolved": "https://registry.npmjs.org/@polymer/polymer/-/polymer-3.0.2.tgz",
      "integrity": "sha512-ow8AAjTe9ps8bantY9IvL0PT+xHf5VN3Cjahfr7gBJAc0lv3jTwGBv7pso65SHyrUJEEHeakhx6iPMl7qY4tfw==",
      "requires": {
        "@webcomponents/shadycss": "1.2.1"
      }
    },
    "@webcomponents/shadycss": {
      "version": "1.2.1",
      "resolved": "https://registry.npmjs.org/@webcomponents/shadycss/-/shadycss-1.2.1.tgz",
      "integrity": "sha512-ZnjFb1Wf81CqMgs1dbT6JT6N4nY32bs2r5YC/5GSIb/ozJGR+UYs3ldJxtk1v5uZzPRIsAWv7wYSJcCp6ml8+A=="
    },
    "lit-html": {
      "version": "0.10.0",
      "resolved": "https://registry.npmjs.org/lit-html/-/lit-html-0.10.0.tgz",
      "integrity": "sha512-w+7hn1gu5O4GZiRIQBLwC+WRtqKhA54fLQeKHdcUB+iCJypUZvTiE1OsotwpxMwran4+XV4vMHYhhdDMW4/Mww=="
    },
    "wired-button": {
      "version": "0.5.1",
      "resolved": "https://registry.npmjs.org/wired-button/-/wired-button-0.5.1.tgz",
      "integrity": "sha512-Yd1dSO3b1YoJepuaaJE6DkJo9CMtwmwb1mo3en0NqTISME1xjIIU1BpRtZRqQ2T6V3uGS8+p0dWIcXBz1z2z2w==",
      "requires": {
        "@polymer/lit-element": "0.5.1",
        "wired-lib": "0.5.1"
      }
    },
    "wired-card": {
      "version": "0.5.1",
      "resolved": "https://registry.npmjs.org/wired-card/-/wired-card-0.5.1.tgz",
      "integrity": "sha512-i8fQhbTJ2MTUEf6wHMQ/uS0bq0RuLSAxIQk6fUoEQgJoT/pSvtX4tiPkpQ++fIXWzv/xud4HZldRhuLCiGl+hA==",
      "requires": {
        "@polymer/lit-element": "0.5.1",
        "wired-lib": "0.5.1"
      }
    },
    "wired-checkbox": {
      "version": "0.5.0",
      "resolved": "https://registry.npmjs.org/wired-checkbox/-/wired-checkbox-0.5.0.tgz",
      "integrity": "sha512-8Zamdsfo7NcV7nJttV5MPKMcagp20C1GDzX0F74fb05gbry/0WekIRRyU2Rqo9XNLbwOooaq+1s/9tc2fw7fZQ==",
      "requires": {
        "@polymer/lit-element": "0.5.1",
        "wired-lib": "0.5.1"
      }
    },
    "wired-combo": {
      "version": "0.5.0",
      "resolved": "https://registry.npmjs.org/wired-combo/-/wired-combo-0.5.0.tgz",
      "integrity": "sha512-bJ0H4/+tETGCF2RoJbY3+OVj/DQE5Wd5H3+n8SZkZBS0OV//5I2vyR1WlhAFZQEubZWeoktWDNAijUfwn2nNKg==",
      "requires": {
        "@polymer/lit-element": "0.5.1",
        "wired-card": "0.5.1",
        "wired-item": "0.5.0",
        "wired-lib": "0.5.1"
      }
    },
    "wired-icon-button": {
      "version": "0.5.1",
      "resolved": "https://registry.npmjs.org/wired-icon-button/-/wired-icon-button-0.5.1.tgz",
      "integrity": "sha512-jSXAEiRI8sNfiU2nDzzcvM0d09NfQJQhwgHzK0A1KY1B2W39F8GRnItyzVHi5jCW2WpzqDHlSubB9nS3Ct16VQ==",
      "requires": {
        "@material/mwc-icon": "0.1.1",
        "@polymer/lit-element": "0.5.1",
        "wired-lib": "0.5.1"
      }
    },
    "wired-input": {
      "version": "0.5.0",
      "resolved": "https://registry.npmjs.org/wired-input/-/wired-input-0.5.0.tgz",
      "integrity": "sha512-5RBeO/RyqL5zR4GDCa6WIfKkhVy6TOzor8frb7EWR/uUHGvR2XFZ+Ch33vzkdrRVTYAnItYCqxoBROIx1bKpCg==",
      "requires": {
        "@polymer/lit-element": "0.5.1",
        "wired-lib": "0.5.1"
      }
    },
    "wired-item": {
      "version": "0.5.0",
      "resolved": "https://registry.npmjs.org/wired-item/-/wired-item-0.5.0.tgz",
      "integrity": "sha512-ykUhttRkUXPv1ZM74LbzaV0V3KagmXlXPj8DiWpS42ppHGD7LzImOfCkpFY1QEiuZiEj7RakrrhwU0uiGmm45g==",
      "requires": {
        "@polymer/lit-element": "0.5.1"
      }
    },
    "wired-lib": {
      "version": "0.5.1",
      "resolved": "https://registry.npmjs.org/wired-lib/-/wired-lib-0.5.1.tgz",
      "integrity": "sha512-JnKy0FAKUjwEJ/GSMflDeVzmlU0j0ei4vULUm/Mdxez5daZcZ9lRoCnUMTqo2PtmnaHQGarlaewhTrx7fLegzA=="
    },
    "wired-listbox": {
      "version": "0.5.0",
      "resolved": "https://registry.npmjs.org/wired-listbox/-/wired-listbox-0.5.0.tgz",
      "integrity": "sha512-nGcc2ybQyib5UcLKsvH5Y0+PKOWhXaMfSCmqqcRffta4uGkC7Ii+29zHhLwsyb5f4ouJtlECHvA02LJvgD1wpg==",
      "requires": {
        "@polymer/lit-element": "0.5.1",
        "wired-item": "0.5.0",
        "wired-lib": "0.5.1"
      }
    },
    "wired-progress": {
      "version": "0.5.0",
      "resolved": "https://registry.npmjs.org/wired-progress/-/wired-progress-0.5.0.tgz",
      "integrity": "sha512-EueV419CD43/WurIEDT7+v2Ech5tV2YKs1LGerFltblSumWQi3+D9lnwe1NeFWvZBbFV2WoAVab5tL0vmk8hnQ==",
      "requires": {
        "@polymer/lit-element": "0.5.1",
        "wired-lib": "0.5.1"
      }
    },
    "wired-radio": {
      "version": "0.5.1",
      "resolved": "https://registry.npmjs.org/wired-radio/-/wired-radio-0.5.1.tgz",
      "integrity": "sha512-ZrWAk3pcjsKEmBfyT+d7KyzI4pCowWYtY9QGpPepg3Liw3Fwk79B4y1OsBHR0v9PHFrdWiM5fkN0H7hSHlj56w==",
      "requires": {
        "@polymer/lit-element": "0.5.1",
        "wired-lib": "0.5.1"
      }
    },
    "wired-radio-group": {
      "version": "0.5.0",
      "resolved": "https://registry.npmjs.org/wired-radio-group/-/wired-radio-group-0.5.0.tgz",
      "integrity": "sha512-MWST5OhsrZh8LlbD82mk3+WV7QaGEsC+ipIO6J5J//v3aPPG1SfbTTX6l4mD2lcRdbJUzRn88APBJavLu+Do6w==",
      "requires": {
        "@polymer/lit-element": "0.5.1",
        "wired-lib": "0.5.1"
      }
    },
    "wired-slider": {
      "version": "0.5.2",
      "resolved": "https://registry.npmjs.org/wired-slider/-/wired-slider-0.5.2.tgz",
      "integrity": "sha512-Q9QioVYscgbIKXfpUwC3DYFGf67k42ly+NNcjzDyfOiIUjVVVaxfOnEGprTyB6igNNaaGsvalwF7vx5zvh9Yow==",
      "requires": {
        "@polymer/lit-element": "0.5.1",
        "wired-lib": "0.5.1"
      }
    },
    "wired-textarea": {
      "version": "0.5.0",
      "resolved": "https://registry.npmjs.org/wired-textarea/-/wired-textarea-0.5.0.tgz",
      "integrity": "sha512-upiOVveSFhwbUsqdNdfgIs/IWWvDoXZZq9U6RVCVvbPCVnNoPNMzbKYEcRvLTwutpG//737zpkoK6gHTYJAEpA==",
      "requires": {
        "@polymer/lit-element": "0.5.1",
        "wired-lib": "0.5.1"
      }
    },
    "wired-toggle": {
      "version": "0.5.0",
      "resolved": "https://registry.npmjs.org/wired-toggle/-/wired-toggle-0.5.0.tgz",
      "integrity": "sha512-Y7M0/88bojYOSknZsmFJv0KObDHhry1aQlrLdvVjpIguhsGRPg6BmsEmy3CbpGqn9unFnl+cR8PDT+ELJXI/Zg==",
      "requires": {
        "@polymer/lit-element": "0.5.1",
        "wired-lib": "0.5.1"
      }
    },
    "wired-tooltip": {
      "version": "0.5.1",
      "resolved": "https://registry.npmjs.org/wired-tooltip/-/wired-tooltip-0.5.1.tgz",
      "integrity": "sha512-a8KKmk2/X06gCe8w0GhKhhrr5LXnQpsJSttDxYg+4ebQEhWJiJ8I/5b7ALp0/rPwmFbJ5tEB+eSRghC4I1R0mg==",
      "requires": {
        "@polymer/lit-element": "0.5.1",
        "wired-lib": "0.5.1"
      }
    }
  }
}
