{
  "name": "wired-elements",
  "version": "0.5.7",
  "lockfileVersion": 1,
  "requires": true,
  "dependencies": {
    "@material/mwc-base": {
      "version": "0.1.0",
      "resolved": "https://registry.npmjs.org/@material/mwc-base/-/mwc-base-0.1.0.tgz",
      "integrity": "sha512-7+NhAXJY7en2ND2IvDfAgBZ6LKeKMqwHPF+29yqXCk+BPF2LLdKuEeR7PPngRvZKVn8vTj7l55e7UMzSIOgcXg==",
      "requires": {
        "@polymer/lit-element": "0.4.0"
      },
      "dependencies": {
        "@polymer/lit-element": {
          "version": "0.4.0",
          "resolved": "https://registry.npmjs.org/@polymer/lit-element/-/lit-element-0.4.0.tgz",
          "integrity": "sha512-fDnr66sBW2FtNAueCfk6YCw6D63ai8p3mutVCD/phrlWlbI34wliAAZWC7/5PfZYNUaGaEg65jEVyf/UeNE4Gg==",
          "requires": {
            "@polymer/polymer": "3.0.2",
            "lit-html": "0.9.0"
          }
        },
        "lit-html": {
          "version": "0.9.0",
          "resolved": "https://registry.npmjs.org/lit-html/-/lit-html-0.9.0.tgz",
          "integrity": "sha512-j0W8WNcf/VRsC+vxeZwgh4KfztQ2gqLF5a80G85qdffnKQ0yTC2IQpU3FRmFjRdRTezvszb1rGMm7jScMc2Mog=="
        }
      }
    },
    "@material/mwc-icon": {
      "version": "0.1.1",
      "resolved": "https://registry.npmjs.org/@material/mwc-icon/-/mwc-icon-0.1.1.tgz",
      "integrity": "sha512-oyBvqUpXQ5j+SeUiYs/s5frNRhinLAmPDSCEYZ3TUzA6Y/jQPPYBFyV8pKL+reC7qA7hFNwO5oqSDNiGLO8+bw==",
      "requires": {
        "@material/mwc-base": "0.1.0",
        "@polymer/lit-element": "0.4.0"
      },
      "dependencies": {
        "@polymer/lit-element": {
          "version": "0.4.0",
          "resolved": "https://registry.npmjs.org/@polymer/lit-element/-/lit-element-0.4.0.tgz",
          "integrity": "sha512-fDnr66sBW2FtNAueCfk6YCw6D63ai8p3mutVCD/phrlWlbI34wliAAZWC7/5PfZYNUaGaEg65jEVyf/UeNE4Gg==",
          "requires": {
            "@polymer/polymer": "3.0.2",
            "lit-html": "0.9.0"
          }
        },
        "lit-html": {
          "version": "0.9.0",
          "resolved": "https://registry.npmjs.org/lit-html/-/lit-html-0.9.0.tgz",
          "integrity": "sha512-j0W8WNcf/VRsC+vxeZwgh4KfztQ2gqLF5a80G85qdffnKQ0yTC2IQpU3FRmFjRdRTezvszb1rGMm7jScMc2Mog=="
        }
      }
    },
    "@polymer/lit-element": {
      "version": "0.5.1",
      "resolved": "https://registry.npmjs.org/@polymer/lit-element/-/lit-element-0.5.1.tgz",
      "integrity": "sha512-e0w6ljufDzXXm9RcLaR/pMSSRw6l1Kc2m5PddHJ+Iq2AXUI2pdnKHwbkam78ZnGoqjnWW10C4zadAz1fp6EJOw==",
      "requires": {
        "@polymer/polymer": "3.0.2",
        "lit-html": "0.10.0"
      }
    },
    "@polymer/polymer": {
      "version": "3.0.2",
      "resolved": "https://registry.npmjs.org/@polymer/polymer/-/polymer-3.0.2.tgz",
      "integrity": "sha512-ow8AAjTe9ps8bantY9IvL0PT+xHf5VN3Cjahfr7gBJAc0lv3jTwGBv7pso65SHyrUJEEHeakhx6iPMl7qY4tfw==",
      "requires": {
        "@webcomponents/shadycss": "1.2.1"
      }
    },
    "@webcomponents/shadycss": {
      "version": "1.2.1",
      "resolved": "https://registry.npmjs.org/@webcomponents/shadycss/-/shadycss-1.2.1.tgz",
      "integrity": "sha512-ZnjFb1Wf81CqMgs1dbT6JT6N4nY32bs2r5YC/5GSIb/ozJGR+UYs3ldJxtk1v5uZzPRIsAWv7wYSJcCp6ml8+A=="
    },
    "lit-html": {
      "version": "0.10.0",
      "resolved": "https://registry.npmjs.org/lit-html/-/lit-html-0.10.0.tgz",
      "integrity": "sha512-w+7hn1gu5O4GZiRIQBLwC+WRtqKhA54fLQeKHdcUB+iCJypUZvTiE1OsotwpxMwran4+XV4vMHYhhdDMW4/Mww=="
    },
    "wired-button": {
      "version": "0.5.2",
      "resolved": "https://registry.npmjs.org/wired-button/-/wired-button-0.5.2.tgz",
      "integrity": "sha512-18KXn+1fAdRqR/1SqBx2JQ6PV5yKR041F9EubsrVlNY6g89sRt01PN3QazZ0riR4PEn+6hHOFXnlL2WvARWxxA==",
      "requires": {
        "@polymer/lit-element": "0.5.1",
        "wired-lib": "0.5.1"
      }
    },
    "wired-card": {
      "version": "0.5.2",
      "resolved": "https://registry.npmjs.org/wired-card/-/wired-card-0.5.2.tgz",
      "integrity": "sha512-dRKgTvUgyB7v9+WMmpc2uZyvMXY0HTpRre26rnke038IkU4Ari/M7b18XjicUN1wfPu7jth5Q41fxD/I5Ko92A==",
      "requires": {
        "@polymer/lit-element": "0.5.1",
        "wired-lib": "0.5.1"
      }
    },
    "wired-checkbox": {
      "version": "0.5.1",
      "resolved": "https://registry.npmjs.org/wired-checkbox/-/wired-checkbox-0.5.1.tgz",
      "integrity": "sha512-fB3agJUrcCRDn4HKUbF348/QQHT7qnanJWd4tNCs5aOLP2IpbkLFT8v6X3+m9fYeRY0KTPAWkQuwyoRr6vl9EQ==",
      "requires": {
        "@polymer/lit-element": "0.5.1",
        "wired-lib": "0.5.1"
      }
    },
    "wired-combo": {
      "version": "0.5.2",
      "resolved": "https://registry.npmjs.org/wired-combo/-/wired-combo-0.5.2.tgz",
      "integrity": "sha512-JgoKovAtFyq6hlmmfQBl474YtJJ5mZLl+poaQTTF77fT6mbBNbWj7LYVvV8HKPBjFqZ4K9pnfe8SvDiWy6FOIA==",
      "requires": {
        "@polymer/lit-element": "0.5.1",
        "wired-card": "0.5.2",
        "wired-item": "0.5.0",
        "wired-lib": "0.5.1"
      }
    },
    "wired-icon-button": {
      "version": "0.5.2",
      "resolved": "https://registry.npmjs.org/wired-icon-button/-/wired-icon-button-0.5.2.tgz",
      "integrity": "sha512-nEaQ8X6AIIvsg3VD0/plIthslHDyi1rcV93WXjUMYhq2ufw6DCmqyFtvNfgIu5vWq7dbMUB4jZUkjiPzmk8SdA==",
      "requires": {
        "@material/mwc-icon": "0.1.1",
        "@polymer/lit-element": "0.5.1",
        "wired-lib": "0.5.1"
      }
    },
    "wired-input": {
      "version": "0.5.2",
      "resolved": "https://registry.npmjs.org/wired-input/-/wired-input-0.5.2.tgz",
      "integrity": "sha512-G3APGLReR7NNaYPHeUz4ZQ2SDCVrYPFbC+yxB3lnGfEqGW0E/q8I4mD0bvFkm0I3NJujIkRBxLT0Wy6cs3A+lg==",
      "requires": {
        "@polymer/lit-element": "0.5.1",
        "wired-lib": "0.5.1"
      }
    },
    "wired-item": {
      "version": "0.5.0",
      "resolved": "https://registry.npmjs.org/wired-item/-/wired-item-0.5.0.tgz",
      "integrity": "sha512-ykUhttRkUXPv1ZM74LbzaV0V3KagmXlXPj8DiWpS42ppHGD7LzImOfCkpFY1QEiuZiEj7RakrrhwU0uiGmm45g==",
      "requires": {
        "@polymer/lit-element": "0.5.1"
      }
    },
    "wired-lib": {
      "version": "0.5.1",
      "resolved": "https://registry.npmjs.org/wired-lib/-/wired-lib-0.5.1.tgz",
      "integrity": "sha512-JnKy0FAKUjwEJ/GSMflDeVzmlU0j0ei4vULUm/Mdxez5daZcZ9lRoCnUMTqo2PtmnaHQGarlaewhTrx7fLegzA=="
    },
    "wired-listbox": {
      "version": "0.5.1",
      "resolved": "https://registry.npmjs.org/wired-listbox/-/wired-listbox-0.5.1.tgz",
      "integrity": "sha512-L2Pweq+nRsImherQRY67tE2k++2LERBH0syKDoqNQ7kBzSsOJdbWJ2/GyCqlEgi4aeqCnI1oPGJXV9KXT7z+aw==",
      "requires": {
        "@polymer/lit-element": "0.5.1",
        "wired-item": "0.5.0",
        "wired-lib": "0.5.1"
      }
    },
    "wired-progress": {
      "version": "0.5.1",
      "resolved": "https://registry.npmjs.org/wired-progress/-/wired-progress-0.5.1.tgz",
      "integrity": "sha512-9AzZrwbHGfWzxwSKE/ZCigN4/dfC7tvumAUnFT/a+RVGURzoENV9qbSRlf/b/krH1+NKvPHs1JonMYVMZXvdIg==",
      "requires": {
        "@polymer/lit-element": "0.5.1",
        "wired-lib": "0.5.1"
      }
    },
    "wired-radio": {
      "version": "0.5.2",
      "resolved": "https://registry.npmjs.org/wired-radio/-/wired-radio-0.5.2.tgz",
      "integrity": "sha512-i2TRGoWRz82DgJ3DjpFAKXWAiNFS6xSQZP9StVJ0hSAcWeSOHZy4CjnHoM19N0qtw7mL77uAs9cLSeL0NKnL3g==",
      "requires": {
        "@polymer/lit-element": "0.5.1",
        "wired-lib": "0.5.1"
      }
    },
    "wired-radio-group": {
      "version": "0.5.0",
      "resolved": "https://registry.npmjs.org/wired-radio-group/-/wired-radio-group-0.5.0.tgz",
      "integrity": "sha512-MWST5OhsrZh8LlbD82mk3+WV7QaGEsC+ipIO6J5J//v3aPPG1SfbTTX6l4mD2lcRdbJUzRn88APBJavLu+Do6w==",
      "requires": {
        "@polymer/lit-element": "0.5.1",
        "wired-lib": "0.5.1"
      }
    },
    "wired-slider": {
      "version": "0.5.6",
      "resolved": "https://registry.npmjs.org/wired-slider/-/wired-slider-0.5.6.tgz",
      "integrity": "sha512-/ZWK/8435G1T11o7zQUYEKA7blg2n6euhNByUnsCmIJpS7NzZQwK8ZmCp9uivmtEH3GHB2mwihrO3M334TgxWw==",
      "requires": {
        "@polymer/lit-element": "0.5.1",
        "@polymer/polymer": "3.0.2",
        "wired-lib": "0.5.1"
      }
    },
    "wired-textarea": {
      "version": "0.5.2",
      "resolved": "https://registry.npmjs.org/wired-textarea/-/wired-textarea-0.5.2.tgz",
      "integrity": "sha512-29B5D2d1VJaoDLUEBvNpx7OtvLLU3ZJ/IeM9bFcjkQkO0dnk/RNy1iLbiMdJb1G9VeWGbXi5pWOef+VYd+NiAQ==",
      "requires": {
        "@polymer/lit-element": "0.5.1",
        "wired-lib": "0.5.1"
      }
    },
    "wired-toggle": {
      "version": "0.5.1",
      "resolved": "https://registry.npmjs.org/wired-toggle/-/wired-toggle-0.5.1.tgz",
      "integrity": "sha512-kVEhNhy46nB0gyL2u+ctZapl84nY9oXaD5bG1ys1fjzl3xslbRFvot5Ymk8e+LZHWjDTKEw5laU4FXmuRA4OMA==",
      "requires": {
        "@polymer/lit-element": "0.5.1",
        "wired-lib": "0.5.1"
      }
    },
    "wired-tooltip": {
      "version": "0.5.1",
      "resolved": "https://registry.npmjs.org/wired-tooltip/-/wired-tooltip-0.5.1.tgz",
      "integrity": "sha512-a8KKmk2/X06gCe8w0GhKhhrr5LXnQpsJSttDxYg+4ebQEhWJiJ8I/5b7ALp0/rPwmFbJ5tEB+eSRghC4I1R0mg==",
      "requires": {
        "@polymer/lit-element": "0.5.1",
        "wired-lib": "0.5.1"
      }
    }
  }
}
