{
  "name": "wired-toggle",
  "version": "2.0.2",
  "lockfileVersion": 1,
  "requires": true,
  "dependencies": {
    "lit-element": {
      "version": "2.3.1",
      "resolved": "https://registry.npmjs.org/lit-element/-/lit-element-2.3.1.tgz",
      "integrity": "sha512-tOcUAmeO3BzwiQ7FGWdsshNvC0HVHcTFYw/TLIImmKwXYoV0E7zCBASa8IJ7DiP4cen/Yoj454gS0qqTnIGsFA==",
      "requires": {
        "lit-html": "^1.1.1"
      }
    },
    "lit-html": {
      "version": "1.2.1",
      "resolved": "https://registry.npmjs.org/lit-html/-/lit-html-1.2.1.tgz",
      "integrity": "sha512-GSJHHXMGLZDzTRq59IUfL9FCdAlGfqNp/dEa7k7aBaaWD+JKaCjsAk9KYm2V12ItonVaYx2dprN66Zdm1AuBTQ=="
    },
    "wired-lib": {
      "version": "2.0.0",
      "requires": {
        "lit-element": "^2.3.1",
        "roughjs": "^3.1.0"
      },
      "dependencies": {
        "lit-element": {
          "version": "2.3.1",
          "resolved": "https://registry.npmjs.org/lit-element/-/lit-element-2.3.1.tgz",
          "integrity": "sha512-tOcUAmeO3BzwiQ7FGWdsshNvC0HVHcTFYw/TLIImmKwXYoV0E7zCBASa8IJ7DiP4cen/Yoj454gS0qqTnIGsFA==",
          "requires": {
            "lit-html": "^1.1.1"
          }
        },
        "lit-html": {
          "version": "1.2.1",
          "resolved": "https://registry.npmjs.org/lit-html/-/lit-html-1.2.1.tgz",
          "integrity": "sha512-GSJHHXMGLZDzTRq59IUfL9FCdAlGfqNp/dEa7k7aBaaWD+JKaCjsAk9KYm2V12ItonVaYx2dprN66Zdm1AuBTQ=="
        },
        "roughjs": {
          "version": "3.1.0",
          "resolved": "https://registry.npmjs.org/roughjs/-/roughjs-3.1.0.tgz",
          "integrity": "sha512-WJIKyWxBlEIuMeK0foUZD1KVYzT6Dn62ksawZrlu3BzxUxgtPdnlCMDgX/C3N5gxj/AMRazstKOFm70tqTo5Bw==",
          "requires": {
            "workly": "^1.2.0"
          }
        },
        "workly": {
          "version": "1.3.1",
          "resolved": "https://registry.npmjs.org/workly/-/workly-1.3.1.tgz",
          "integrity": "sha512-1hI5IvagEAdCj81Vtc9Rn3DZkNJ4o2LexbpFFUJjZWlr8aBbGGm95Nu84ZC2EvzJpfm2j+4s+bVjNFeWAp03/A=="
        }
      }
    }
  }
}
